{
  "version": "2",
  "remote": {},
  "npm": {
    "specifiers": {
      "@sveltejs/vite-plugin-svelte": "@sveltejs/vite-plugin-svelte@1.1.1_svelte@3.53.1_vite@3.2.3",
      "@unocss/reset": "@unocss/reset@0.46.5",
      "@unocss/transformer-directives": "@unocss/transformer-directives@0.46.5",
      "@vitejs/plugin-legacy": "@vitejs/plugin-legacy@2.3.1_vite@3.2.3",
      "svelte": "svelte@3.53.1",
      "svelte-spa-router": "svelte-spa-router@3.3.0",
      "unocss": "unocss@0.46.5_vite@3.2.3",
      "vite": "vite@3.2.3",
      "vite-plugin-pages-svelte": "vite-plugin-pages-svelte@0.0.2_vite@3.2.3_svelte@3.53.1"
    },
    "packages": {
      "@ampproject/remapping@2.2.0": {
        "integrity": "sha512-qRmjj8nj9qmLTQXXmaR1cck3UXSRMPrbsLJAasZpF+t3riI71BXed5ebIOYwQntykeZuhjsdweEc9BxH5Jc26w==",
        "dependencies": {
          "@jridgewell/gen-mapping": "@jridgewell/gen-mapping@0.1.1",
          "@jridgewell/trace-mapping": "@jridgewell/trace-mapping@0.3.17"
        }
      },
      "@antfu/install-pkg@0.1.1": {
        "integrity": "sha512-LyB/8+bSfa0DFGC06zpCEfs89/XoWZwws5ygEa5D+Xsm3OfI+aXQ86VgVG7Acyef+rSZ5HE7J8rrxzrQeM3PjQ==",
        "dependencies": { "execa": "execa@5.1.1", "find-up": "find-up@5.0.0" }
      },
      "@antfu/utils@0.5.2": {
        "integrity": "sha512-CQkeV+oJxUazwjlHD0/3ZD08QWKuGQkhnrKo3e6ly5pd48VUpXbb77q0xMU4+vc2CkJnDS02Eq/M9ugyX20XZA==",
        "dependencies": {}
      },
      "@babel/standalone@7.20.4": {
        "integrity": "sha512-27bv4h47jbaFZ7+e7gT1VEo9PNL1ynxqUX6/BERLz1qxm/5gzpbcHX+47VnSeYHyEyGZkRznpSOd8zPBhiz6tw==",
        "dependencies": {}
      },
      "@esbuild/android-arm@0.15.13": {
        "integrity": "sha512-RY2fVI8O0iFUNvZirXaQ1vMvK0xhCcl0gqRj74Z6yEiO1zAUa7hbsdwZM1kzqbxHK7LFyMizipfXT3JME+12Hw==",
        "dependencies": {}
      },
      "@esbuild/linux-loong64@0.15.13": {
        "integrity": "sha512-+BoyIm4I8uJmH/QDIH0fu7MG0AEx9OXEDXnqptXCwKOlOqZiS4iraH1Nr7/ObLMokW3sOCeBNyD68ATcV9b9Ag==",
        "dependencies": {}
      },
      "@iconify/types@2.0.0": {
        "integrity": "sha512-+wluvCrRhXrhyOmRDJ3q8mux9JkKy5SJ/v8ol2tu4FVjyYvtEzkc/3pK15ET6RKg4b4w4BmTk1+gsCUhf21Ykg==",
        "dependencies": {}
      },
      "@iconify/utils@2.0.1": {
        "integrity": "sha512-t8IyICk25wgZL4YKn/2kYfjG5MGA6EWZlaUJZ1OEIku4V+kX9V900T5E4HIqS3hLyD6/RJET0zY4vxO9pHLHHw==",
        "dependencies": {
          "@antfu/install-pkg": "@antfu/install-pkg@0.1.1",
          "@antfu/utils": "@antfu/utils@0.5.2",
          "@iconify/types": "@iconify/types@2.0.0",
          "debug": "debug@4.3.4",
          "kolorist": "kolorist@1.6.0",
          "local-pkg": "local-pkg@0.4.2"
        }
      },
      "@jridgewell/gen-mapping@0.1.1": {
        "integrity": "sha512-sQXCasFk+U8lWYEe66WxRDOE9PjVz4vSM51fTu3Hw+ClTpUSQb718772vH3pyS5pShp6lvQM7SxgIDXXXmOX7w==",
        "dependencies": {
          "@jridgewell/set-array": "@jridgewell/set-array@1.1.2",
          "@jridgewell/sourcemap-codec": "@jridgewell/sourcemap-codec@1.4.14"
        }
      },
      "@jridgewell/gen-mapping@0.3.2": {
        "integrity": "sha512-mh65xKQAzI6iBcFzwv28KVWSmCkdRBWoOh+bYQGW3+6OZvbbN3TqMGo5hqYxQniRcH9F2VZIoJCm4pa3BPDK/A==",
        "dependencies": {
          "@jridgewell/set-array": "@jridgewell/set-array@1.1.2",
          "@jridgewell/sourcemap-codec": "@jridgewell/sourcemap-codec@1.4.14",
          "@jridgewell/trace-mapping": "@jridgewell/trace-mapping@0.3.17"
        }
      },
      "@jridgewell/resolve-uri@3.1.0": {
        "integrity": "sha512-F2msla3tad+Mfht5cJq7LSXcdudKTWCVYUgw6pLFOOHSTtZlj6SWNYAp+AhuqLmWdBO2X5hPrLcu8cVP8fy28w==",
        "dependencies": {}
      },
      "@jridgewell/set-array@1.1.2": {
        "integrity": "sha512-xnkseuNADM0gt2bs+BvhO0p78Mk762YnZdsuzFV018NoG1Sj1SCQvpSqa7XUaTam5vAGasABV9qXASMKnFMwMw==",
        "dependencies": {}
      },
      "@jridgewell/source-map@0.3.2": {
        "integrity": "sha512-m7O9o2uR8k2ObDysZYzdfhb08VuEml5oWGiosa1VdaPZ/A6QyPkAJuwN0Q1lhULOf6B7MtQmHENS743hWtCrgw==",
        "dependencies": {
          "@jridgewell/gen-mapping": "@jridgewell/gen-mapping@0.3.2",
          "@jridgewell/trace-mapping": "@jridgewell/trace-mapping@0.3.17"
        }
      },
      "@jridgewell/sourcemap-codec@1.4.14": {
        "integrity": "sha512-XPSJHWmi394fuUuzDnGz1wiKqWfo1yXecHQMRf2l6hztTO+nPru658AyDngaBe7isIxEkRsPR3FZh+s7iVa4Uw==",
        "dependencies": {}
      },
      "@jridgewell/trace-mapping@0.3.17": {
        "integrity": "sha512-MCNzAp77qzKca9+W/+I0+sEpaUnZoeasnghNeVc41VZCEKaCH73Vq3BZZ/SzWIgrqE4H4ceI+p+b6C0mHf9T4g==",
        "dependencies": {
          "@jridgewell/resolve-uri": "@jridgewell/resolve-uri@3.1.0",
          "@jridgewell/sourcemap-codec": "@jridgewell/sourcemap-codec@1.4.14"
        }
      },
      "@nodelib/fs.scandir@2.1.5": {
        "integrity": "sha512-vq24Bq3ym5HEQm2NKCr3yXDwjc7vTsEThRDnkp2DK9p1uqLR+DHurm/NOTo0KG7HYHU7eppKZj3MyqYuMBf62g==",
        "dependencies": {
          "@nodelib/fs.stat": "@nodelib/fs.stat@2.0.5",
          "run-parallel": "run-parallel@1.2.0"
        }
      },
      "@nodelib/fs.stat@2.0.5": {
        "integrity": "sha512-RkhPPp2zrqDAQA/2jNhnztcPAlv64XdhIp7a7454A5ovI7Bukxgt7MX7udwAu3zg1DcpPU0rz3VV1SeaqvY4+A==",
        "dependencies": {}
      },
      "@nodelib/fs.walk@1.2.8": {
        "integrity": "sha512-oGB+UxlgWcgQkgwo8GcEGwemoTFt3FIO9ababBmaGwXIoBKZ+GTy0pP185beGg7Llih/NSHSV2XAs1lnznocSg==",
        "dependencies": {
          "@nodelib/fs.scandir": "@nodelib/fs.scandir@2.1.5",
          "fastq": "fastq@1.13.0"
        }
      },
      "@polka/url@1.0.0-next.21": {
        "integrity": "sha512-a5Sab1C4/icpTZVzZc5Ghpz88yQtGOyNqYXcZgOssB2uuAr+wF/MvN6bgtW32q7HHrvBki+BsZ0OuNv6EV3K9g==",
        "dependencies": {}
      },
      "@rollup/pluginutils@5.0.2": {
        "integrity": "sha512-pTd9rIsP92h+B6wWwFbW8RkZv4hiR/xKsqre4SIuAOaOEQRxi0lqLke9k2/7WegC85GgUs9pjmOjCUi3In4vwA==",
        "dependencies": {
          "@types/estree": "@types/estree@1.0.0",
          "estree-walker": "estree-walker@2.0.2",
          "picomatch": "picomatch@2.3.1"
        }
      },
      "@sveltejs/vite-plugin-svelte@1.1.1_svelte@3.53.1_vite@3.2.3": {
        "integrity": "sha512-NzIaGIzWh5hCSMUoxukYEGmxFCWgzaVglqHJLV5r0BA7hHZbHXu8DYR80i6QUX4xyoQ4PZ8ir7SUYsThbreMcg==",
        "dependencies": {
          "debug": "debug@4.3.4",
          "deepmerge": "deepmerge@4.2.2",
          "kleur": "kleur@4.1.5",
          "magic-string": "magic-string@0.26.7",
          "svelte": "svelte@3.53.1",
          "svelte-hmr": "svelte-hmr@0.15.1_svelte@3.53.1",
          "vite": "vite@3.2.3"
        }
      },
      "@types/estree@1.0.0": {
        "integrity": "sha512-WulqXMDUTYAXCjZnk6JtIHPigp55cVtDgDrO2gHRwhyJto21+1zbVCtOYB2L1F9w4qCQ0rOGWBnBe0FNTiEJIQ==",
        "dependencies": {}
      },
      "@unocss/astro@0.46.5_vite@3.2.3": {
        "integrity": "sha512-Ey4ReY0ult1IARdgYsEynwGbfvmwoUBOFKKdQzsm6TQR/HcSGLND4Yzoa0OTotG5gj6h9jCPjypZtw6xCUqyzg==",
        "dependencies": {
          "@unocss/core": "@unocss/core@0.46.5",
          "@unocss/reset": "@unocss/reset@0.46.5",
          "@unocss/vite": "@unocss/vite@0.46.5_vite@3.2.3"
        }
      },
      "@unocss/cli@0.46.5": {
        "integrity": "sha512-NOx/b/nsG1fGdfJ+gWhoVyvrfVVyJ1Pvb5VKsMx24HBoOvoiQd6BO84xQZ+zCdO0IYgw/F4THxaPsyHM3KL8wA==",
        "dependencies": {
          "@ampproject/remapping": "@ampproject/remapping@2.2.0",
          "@rollup/pluginutils": "@rollup/pluginutils@5.0.2",
          "@unocss/config": "@unocss/config@0.46.5",
          "@unocss/core": "@unocss/core@0.46.5",
          "@unocss/preset-uno": "@unocss/preset-uno@0.46.5",
          "cac": "cac@6.7.14",
          "chokidar": "chokidar@3.5.3",
          "colorette": "colorette@2.0.19",
          "consola": "consola@2.15.3",
          "fast-glob": "fast-glob@3.2.12",
          "magic-string": "magic-string@0.26.7",
          "pathe": "pathe@0.3.9",
          "perfect-debounce": "perfect-debounce@0.1.3"
        }
      },
      "@unocss/config@0.46.5": {
        "integrity": "sha512-PCrT5GHyxaMroip8kLiX7vQDRYThugkAJNHHULWh/gWuvw5V/uMseeAisfMaRfNFXvtCRQeroNUggfAIXMNzxA==",
        "dependencies": {
          "@unocss/core": "@unocss/core@0.46.5",
          "unconfig": "unconfig@0.3.7"
        }
      },
      "@unocss/core@0.46.5": {
        "integrity": "sha512-apPWISH2ASKySyp4vBAkEzr5XNJDv4mu26eQ4wvg2a32cHRokUsiHLWFNMDe7oJquivTAOHsXqbLQuR9ePKNSg==",
        "dependencies": {}
      },
      "@unocss/inspector@0.46.5": {
        "integrity": "sha512-L7bMqtp94qtADeGm0ZU1IPtRatChSqHHxFG2s11+VuElPjktcnwnEfTPY5Obm++sy0kNNPU0M3xJD4TPk/M22g==",
        "dependencies": { "gzip-size": "gzip-size@6.0.0", "sirv": "sirv@2.0.2" }
      },
      "@unocss/preset-attributify@0.46.5": {
        "integrity": "sha512-phhhF0bgO+sFCiin9dstuOB5wxgTg3n3gE+uoCCfhZz2XI6GmmcL60cV5xTMhFv9kxedrvy8kS6UF+W1GAUang==",
        "dependencies": { "@unocss/core": "@unocss/core@0.46.5" }
      },
      "@unocss/preset-icons@0.46.5": {
        "integrity": "sha512-g1gMi++j233nc/5KcUti5+X+fQ9K36MzROx37pJCFz+jD5i7Y21hXOC/brP7k4tWo1IEFR8rsLgtvVEXOhu8Sw==",
        "dependencies": {
          "@iconify/utils": "@iconify/utils@2.0.1",
          "@unocss/core": "@unocss/core@0.46.5",
          "ohmyfetch": "ohmyfetch@0.4.21"
        }
      },
      "@unocss/preset-mini@0.46.5": {
        "integrity": "sha512-pSiCUeNoLs9F5ux7BzsTKqQhTABvwtggv45Kza2wDIStPESLYHInPUHF57e753IhKdZSpX08gSRiYF4mXVcFWg==",
        "dependencies": { "@unocss/core": "@unocss/core@0.46.5" }
      },
      "@unocss/preset-tagify@0.46.5": {
        "integrity": "sha512-lE+nmm9Bf8ckr4pmVHzHYkLiePnfiC/HQTPHaa9CmRiBtUEljiMt/RVnRu/R7yuel+DDLdX7GfGg4oNstVB7Cg==",
        "dependencies": { "@unocss/core": "@unocss/core@0.46.5" }
      },
      "@unocss/preset-typography@0.46.5": {
        "integrity": "sha512-wAf9XNNzJWrXEFWuEUXfY5Jmx7HPv5Mi+3EkOcPi8at7lcncWkF0PmLY/nI95nfXQZipkV+aDyHp3TsDn9FgAw==",
        "dependencies": { "@unocss/core": "@unocss/core@0.46.5" }
      },
      "@unocss/preset-uno@0.46.5": {
        "integrity": "sha512-O4f/cSdNAnK3MVXLgzihnOLrp12h3787U9bPZ1WS7Ow52D+kzBfRLVEWy4RWCGDN+ko/0q7Q7nqZOkrtcCELJQ==",
        "dependencies": {
          "@unocss/core": "@unocss/core@0.46.5",
          "@unocss/preset-mini": "@unocss/preset-mini@0.46.5",
          "@unocss/preset-wind": "@unocss/preset-wind@0.46.5"
        }
      },
      "@unocss/preset-web-fonts@0.46.5": {
        "integrity": "sha512-ITOtD9AeklSqsVzBlK6wKbABQnD1o9wubN4bGkz7cd0G0GEt7YkW9dYwmXPYqo9Stoga92MJPy/Z2mxKT0ejVw==",
        "dependencies": {
          "@unocss/core": "@unocss/core@0.46.5",
          "ohmyfetch": "ohmyfetch@0.4.21"
        }
      },
      "@unocss/preset-wind@0.46.5": {
        "integrity": "sha512-v1n918arr7qg/AYjkvVCJDqWT7bd8UhdT7tBCcJcFOuPvJdToBoy3LcNxQXQpS7gcVGG7YiKE5rT4JwsV7U5XA==",
        "dependencies": {
          "@unocss/core": "@unocss/core@0.46.5",
          "@unocss/preset-mini": "@unocss/preset-mini@0.46.5"
        }
      },
      "@unocss/reset@0.46.5": {
        "integrity": "sha512-DU1sisNixEaUsnfDdbU+POaedJLKUtalHnOOce2Txxrcakf7M2/I5/9cRIXt5diVbPjIyoDPcx+7Gn8K0cTGqg==",
        "dependencies": {}
      },
      "@unocss/scope@0.46.5": {
        "integrity": "sha512-gAA6a2zwal9GMW6HSp2dofUEzS6ZlLxg6/y8fSHHjJduKRZaq77IP3YdmyT4ZnPBIYsE7+u25lXeDOEFrEMSxg==",
        "dependencies": {}
      },
      "@unocss/transformer-attributify-jsx@0.46.5": {
        "integrity": "sha512-kQwGnV/yICU4LdjOBgKrn+m29Zb820W3HGqxI1MAyutbeWJObQbuMnSLhVCu6I9zjlvvFV9rfJ87z/Ggo1vnjQ==",
        "dependencies": { "@unocss/core": "@unocss/core@0.46.5" }
      },
      "@unocss/transformer-compile-class@0.46.5": {
        "integrity": "sha512-ntE+CJ2XzUyXKzT2MklM1GcVxLlJFpi6fYl0GqGqXMxvPdKHUaX9f4zASjuAUFr/od1MKhjHkujy8pyr6y2Q4g==",
        "dependencies": { "@unocss/core": "@unocss/core@0.46.5" }
      },
      "@unocss/transformer-directives@0.46.5": {
        "integrity": "sha512-jnskAINirtl0TW/8ELRR55AEQoy4yU1iBQuZcgJCfOGU6gkNsq6IRoBLcCiFoBmp8UdxvIuGo4k1SpnEf5x+gA==",
        "dependencies": {
          "@unocss/core": "@unocss/core@0.46.5",
          "css-tree": "css-tree@2.2.1"
        }
      },
      "@unocss/transformer-variant-group@0.46.5": {
        "integrity": "sha512-xBylFf8Q0z0jzr8OoqiIstC2ZXPeniENGANOruTzXlS+DJ2uuKNrwOuXpBbMTEA2D7lmLwtbyg1PZy3mDUB3iA==",
        "dependencies": { "@unocss/core": "@unocss/core@0.46.5" }
      },
      "@unocss/vite@0.46.5_vite@3.2.3": {
        "integrity": "sha512-/auNcS1L3PjwAA3U/i9scJf2Zx3kkgCdKiXyfetjws4ddAnVE+LrDmIKbbdSUiWFoq9W2QOPpOPpV2xips2gmg==",
        "dependencies": {
          "@ampproject/remapping": "@ampproject/remapping@2.2.0",
          "@rollup/pluginutils": "@rollup/pluginutils@5.0.2",
          "@unocss/config": "@unocss/config@0.46.5",
          "@unocss/core": "@unocss/core@0.46.5",
          "@unocss/inspector": "@unocss/inspector@0.46.5",
          "@unocss/scope": "@unocss/scope@0.46.5",
          "@unocss/transformer-directives": "@unocss/transformer-directives@0.46.5",
          "magic-string": "magic-string@0.26.7",
          "vite": "vite@3.2.3"
        }
      },
      "@vitejs/plugin-legacy@2.3.1_vite@3.2.3": {
        "integrity": "sha512-J5KaGBlSt2tEYPVjM/C8dA6DkRzkFkbPe+Xb4IX5G+XOV5OGbVAfkMjKywdrkO3gGynO8S98i71Lmsff4cWkCQ==",
        "dependencies": {
          "@babel/standalone": "@babel/standalone@7.20.4",
          "core-js": "core-js@3.26.1",
          "magic-string": "magic-string@0.26.7",
          "regenerator-runtime": "regenerator-runtime@0.13.11",
          "systemjs": "systemjs@6.13.0",
          "terser": "terser@5.15.1",
          "vite": "vite@3.2.3"
        }
      },
      "acorn@8.8.1": {
        "integrity": "sha512-7zFpHzhnqYKrkYdUjF1HI1bzd0VygEGX8lFk4k5zVMqHEoES+P+7TKI+EvLO9WVMJ8eekdO0aDEK044xTXwPPA==",
        "dependencies": {}
      },
      "anymatch@3.1.2": {
        "integrity": "sha512-P43ePfOAIupkguHUycrc4qJ9kz8ZiuOUijaETwX7THt0Y/GNK7v0aa8rY816xWjZ7rJdA5XdMcpVFTKMq+RvWg==",
        "dependencies": {
          "normalize-path": "normalize-path@3.0.0",
          "picomatch": "picomatch@2.3.1"
        }
      },
      "binary-extensions@2.2.0": {
        "integrity": "sha512-jDctJ/IVQbZoJykoeHbhXpOlNBqGNcwXJKJog42E5HDPUwQTSdjCHdihjj0DlnheQ7blbT6dHOafNAiS8ooQKA==",
        "dependencies": {}
      },
      "braces@3.0.2": {
        "integrity": "sha512-b8um+L1RzM3WDSzvhm6gIz1yfTbBt6YTlcEKAvsmqCZZFw46z626lVj9j1yEPW33H5H+lBQpZMP1k8l+78Ha0A==",
        "dependencies": { "fill-range": "fill-range@7.0.1" }
      },
      "buffer-from@1.1.2": {
        "integrity": "sha512-E+XQCRwSbaaiChtv6k6Dwgc+bx+Bs6vuKJHHl5kox/BaKbhiXzqQOwK4cO22yElGp2OCmjwVhT3HmxgyPGnJfQ==",
        "dependencies": {}
      },
      "busboy@1.6.0": {
        "integrity": "sha512-8SFQbg/0hQ9xy3UNTB0YEnsNBbWfhf7RtnzpL7TkBiTBRfrQ9Fxcnz7VJsleJpyp6rVLvXiuORqjlHi5q+PYuA==",
        "dependencies": { "streamsearch": "streamsearch@1.1.0" }
      },
      "cac@6.7.14": {
        "integrity": "sha512-b6Ilus+c3RrdDk+JhLKUAQfzzgLEPy6wcXqS7f/xe1EETvsDP6GORG7SFuOs6cID5YkqchW/LXZbX5bc8j7ZcQ==",
        "dependencies": {}
      },
      "chokidar@3.5.3": {
        "integrity": "sha512-Dr3sfKRP6oTcjf2JmUmFJfeVMvXBdegxB0iVQ5eb2V10uFJUCAS8OByZdVAyVb8xXNz3GjjTgj9kLWsZTqE6kw==",
        "dependencies": {
          "anymatch": "anymatch@3.1.2",
          "braces": "braces@3.0.2",
          "fsevents": "fsevents@2.3.2",
          "glob-parent": "glob-parent@5.1.2",
          "is-binary-path": "is-binary-path@2.1.0",
          "is-glob": "is-glob@4.0.3",
          "normalize-path": "normalize-path@3.0.0",
          "readdirp": "readdirp@3.6.0"
        }
      },
      "colorette@2.0.19": {
        "integrity": "sha512-3tlv/dIP7FWvj3BsbHrGLJ6l/oKh1O3TcgBqMn+yyCagOxc23fyzDS6HypQbgxWbkpDnf52p1LuR4eWDQ/K9WQ==",
        "dependencies": {}
      },
      "commander@2.20.3": {
        "integrity": "sha512-GpVkmM8vF2vQUkj2LvZmD35JxeJOLCwJ9cUkugyk2nuhbv3+mJvpLYYt+0+USMxE+oj+ey/lJEnhZw75x/OMcQ==",
        "dependencies": {}
      },
      "consola@2.15.3": {
        "integrity": "sha512-9vAdYbHj6x2fLKC4+oPH0kFzY/orMZyG2Aj+kNylHxKGJ/Ed4dpNyAQYwJOdqO4zdM7XpVHmyejQDcQHrnuXbw==",
        "dependencies": {}
      },
      "core-js@3.26.1": {
        "integrity": "sha512-21491RRQVzUn0GGM9Z1Jrpr6PNPxPi+Za8OM9q4tksTSnlbXXGKK1nXNg/QvwFYettXvSX6zWKCtHHfjN4puyA==",
        "dependencies": {}
      },
      "cross-spawn@7.0.3": {
        "integrity": "sha512-iRDPJKUPVEND7dHPO8rkbOnPpyDygcDFtWjpeWNCgy8WP2rXcxXL8TskReQl6OrB2G7+UJrags1q15Fudc7G6w==",
        "dependencies": {
          "path-key": "path-key@3.1.1",
          "shebang-command": "shebang-command@2.0.0",
          "which": "which@2.0.2"
        }
      },
      "css-tree@2.2.1": {
        "integrity": "sha512-OA0mILzGc1kCOCSJerOeqDxDQ4HOh+G8NbOJFOTgOCzpw7fCBubk0fEyxp8AgOL/jvLgYA/uV0cMbe43ElF1JA==",
        "dependencies": {
          "mdn-data": "mdn-data@2.0.28",
          "source-map-js": "source-map-js@1.0.2"
        }
      },
      "debug@4.3.2": {
        "integrity": "sha512-mOp8wKcvj7XxC78zLgw/ZA+6TSgkoE2C/ienthhRD298T7UNwAg9diBpLRxC0mOezLl4B0xV7M0cCO6P/O0Xhw==",
        "dependencies": { "ms": "ms@2.1.2" }
      },
      "debug@4.3.4": {
        "integrity": "sha512-PRWFHuSU3eDtQJPvnNY7Jcket1j0t5OuOsFzPPzsekD52Zl8qUfFIPEiswXqIvHWGVHOgX+7G/vCNNhehwxfkQ==",
        "dependencies": { "ms": "ms@2.1.2" }
      },
      "deepmerge@4.2.2": {
        "integrity": "sha512-FJ3UgI4gIl+PHZm53knsuSFpE+nESMr7M4v9QcgB7S63Kj/6WqMiFQJpBBYz1Pt+66bZpP3Q7Lye0Oo9MPKEdg==",
        "dependencies": {}
      },
      "defu@6.1.1": {
        "integrity": "sha512-aA964RUCsBt0FGoNIlA3uFgo2hO+WWC0fiC6DBps/0SFzkKcYoM/3CzVLIa5xSsrFjdioMdYgAIbwo80qp2MoA==",
        "dependencies": {}
      },
      "destr@1.2.1": {
        "integrity": "sha512-ud8w0qMLlci6iFG7CNgeRr8OcbUWMsbfjtWft1eJ5Luqrz/M8Ebqk/KCzne8rKUlIQWWfLv0wD6QHrqOf4GshA==",
        "dependencies": {}
      },
      "duplexer@0.1.2": {
        "integrity": "sha512-jtD6YG370ZCIi/9GTaJKQxWTZD045+4R4hTk/x1UyoqadyJ9x9CgSi1RlVDQF8U2sxLLSnFkCaMihqljHIWgMg==",
        "dependencies": {}
      },
      "esbuild-android-64@0.15.13": {
        "integrity": "sha512-yRorukXBlokwTip+Sy4MYskLhJsO0Kn0/Fj43s1krVblfwP+hMD37a4Wmg139GEsMLl+vh8WXp2mq/cTA9J97g==",
        "dependencies": {}
      },
      "esbuild-android-arm64@0.15.13": {
        "integrity": "sha512-TKzyymLD6PiVeyYa4c5wdPw87BeAiTXNtK6amWUcXZxkV51gOk5u5qzmDaYSwiWeecSNHamFsaFjLoi32QR5/w==",
        "dependencies": {}
      },
      "esbuild-darwin-64@0.15.13": {
        "integrity": "sha512-WAx7c2DaOS6CrRcoYCgXgkXDliLnFv3pQLV6GeW1YcGEZq2Gnl8s9Pg7ahValZkpOa0iE/ojRVQ87sbUhF1Cbg==",
        "dependencies": {}
      },
      "esbuild-darwin-arm64@0.15.13": {
        "integrity": "sha512-U6jFsPfSSxC3V1CLiQqwvDuj3GGrtQNB3P3nNC3+q99EKf94UGpsG9l4CQ83zBs1NHrk1rtCSYT0+KfK5LsD8A==",
        "dependencies": {}
      },
      "esbuild-freebsd-64@0.15.13": {
        "integrity": "sha512-whItJgDiOXaDG/idy75qqevIpZjnReZkMGCgQaBWZuKHoElDJC1rh7MpoUgupMcdfOd+PgdEwNQW9DAE6i8wyA==",
        "dependencies": {}
      },
      "esbuild-freebsd-arm64@0.15.13": {
        "integrity": "sha512-6pCSWt8mLUbPtygv7cufV0sZLeylaMwS5Fznj6Rsx9G2AJJsAjQ9ifA+0rQEIg7DwJmi9it+WjzNTEAzzdoM3Q==",
        "dependencies": {}
      },
      "esbuild-linux-32@0.15.13": {
        "integrity": "sha512-VbZdWOEdrJiYApm2kkxoTOgsoCO1krBZ3quHdYk3g3ivWaMwNIVPIfEE0f0XQQ0u5pJtBsnk2/7OPiCFIPOe/w==",
        "dependencies": {}
      },
      "esbuild-linux-64@0.15.13": {
        "integrity": "sha512-rXmnArVNio6yANSqDQlIO4WiP+Cv7+9EuAHNnag7rByAqFVuRusLbGi2697A5dFPNXoO//IiogVwi3AdcfPC6A==",
        "dependencies": {}
      },
      "esbuild-linux-arm64@0.15.13": {
        "integrity": "sha512-alEMGU4Z+d17U7KQQw2IV8tQycO6T+rOrgW8OS22Ua25x6kHxoG6Ngry6Aq6uranC+pNWNMB6aHFPh7aTQdORQ==",
        "dependencies": {}
      },
      "esbuild-linux-arm@0.15.13": {
        "integrity": "sha512-Ac6LpfmJO8WhCMQmO253xX2IU2B3wPDbl4IvR0hnqcPrdfCaUa2j/lLMGTjmQ4W5JsJIdHEdW12dG8lFS0MbxQ==",
        "dependencies": {}
      },
      "esbuild-linux-mips64le@0.15.13": {
        "integrity": "sha512-47PgmyYEu+yN5rD/MbwS6DxP2FSGPo4Uxg5LwIdxTiyGC2XKwHhHyW7YYEDlSuXLQXEdTO7mYe8zQ74czP7W8A==",
        "dependencies": {}
      },
      "esbuild-linux-ppc64le@0.15.13": {
        "integrity": "sha512-z6n28h2+PC1Ayle9DjKoBRcx/4cxHoOa2e689e2aDJSaKug3jXcQw7mM+GLg+9ydYoNzj8QxNL8ihOv/OnezhA==",
        "dependencies": {}
      },
      "esbuild-linux-riscv64@0.15.13": {
        "integrity": "sha512-+Lu4zuuXuQhgLUGyZloWCqTslcCAjMZH1k3Xc9MSEJEpEFdpsSU0sRDXAnk18FKOfEjhu4YMGaykx9xjtpA6ow==",
        "dependencies": {}
      },
      "esbuild-linux-s390x@0.15.13": {
        "integrity": "sha512-BMeXRljruf7J0TMxD5CIXS65y7puiZkAh+s4XFV9qy16SxOuMhxhVIXYLnbdfLrsYGFzx7U9mcdpFWkkvy/Uag==",
        "dependencies": {}
      },
      "esbuild-netbsd-64@0.15.13": {
        "integrity": "sha512-EHj9QZOTel581JPj7UO3xYbltFTYnHy+SIqJVq6yd3KkCrsHRbapiPb0Lx3EOOtybBEE9EyqbmfW1NlSDsSzvQ==",
        "dependencies": {}
      },
      "esbuild-openbsd-64@0.15.13": {
        "integrity": "sha512-nkuDlIjF/sfUhfx8SKq0+U+Fgx5K9JcPq1mUodnxI0x4kBdCv46rOGWbuJ6eof2n3wdoCLccOoJAbg9ba/bT2w==",
        "dependencies": {}
      },
      "esbuild-sunos-64@0.15.13": {
        "integrity": "sha512-jVeu2GfxZQ++6lRdY43CS0Tm/r4WuQQ0Pdsrxbw+aOrHQPHV0+LNOLnvbN28M7BSUGnJnHkHm2HozGgNGyeIRw==",
        "dependencies": {}
      },
      "esbuild-windows-32@0.15.13": {
        "integrity": "sha512-XoF2iBf0wnqo16SDq+aDGi/+QbaLFpkiRarPVssMh9KYbFNCqPLlGAWwDvxEVz+ywX6Si37J2AKm+AXq1kC0JA==",
        "dependencies": {}
      },
      "esbuild-windows-64@0.15.13": {
        "integrity": "sha512-Et6htEfGycjDrtqb2ng6nT+baesZPYQIW+HUEHK4D1ncggNrDNk3yoboYQ5KtiVrw/JaDMNttz8rrPubV/fvPQ==",
        "dependencies": {}
      },
      "esbuild-windows-arm64@0.15.13": {
        "integrity": "sha512-3bv7tqntThQC9SWLRouMDmZnlOukBhOCTlkzNqzGCmrkCJI7io5LLjwJBOVY6kOUlIvdxbooNZwjtBvj+7uuVg==",
        "dependencies": {}
      },
      "esbuild@0.15.13": {
        "integrity": "sha512-Cu3SC84oyzzhrK/YyN4iEVy2jZu5t2fz66HEOShHURcjSkOSAVL8C/gfUT+lDJxkVHpg8GZ10DD0rMHRPqMFaQ==",
        "dependencies": {
          "@esbuild/android-arm": "@esbuild/android-arm@0.15.13",
          "@esbuild/linux-loong64": "@esbuild/linux-loong64@0.15.13",
          "esbuild-android-64": "esbuild-android-64@0.15.13",
          "esbuild-android-arm64": "esbuild-android-arm64@0.15.13",
          "esbuild-darwin-64": "esbuild-darwin-64@0.15.13",
          "esbuild-darwin-arm64": "esbuild-darwin-arm64@0.15.13",
          "esbuild-freebsd-64": "esbuild-freebsd-64@0.15.13",
          "esbuild-freebsd-arm64": "esbuild-freebsd-arm64@0.15.13",
          "esbuild-linux-32": "esbuild-linux-32@0.15.13",
          "esbuild-linux-64": "esbuild-linux-64@0.15.13",
          "esbuild-linux-arm": "esbuild-linux-arm@0.15.13",
          "esbuild-linux-arm64": "esbuild-linux-arm64@0.15.13",
          "esbuild-linux-mips64le": "esbuild-linux-mips64le@0.15.13",
          "esbuild-linux-ppc64le": "esbuild-linux-ppc64le@0.15.13",
          "esbuild-linux-riscv64": "esbuild-linux-riscv64@0.15.13",
          "esbuild-linux-s390x": "esbuild-linux-s390x@0.15.13",
          "esbuild-netbsd-64": "esbuild-netbsd-64@0.15.13",
          "esbuild-openbsd-64": "esbuild-openbsd-64@0.15.13",
          "esbuild-sunos-64": "esbuild-sunos-64@0.15.13",
          "esbuild-windows-32": "esbuild-windows-32@0.15.13",
          "esbuild-windows-64": "esbuild-windows-64@0.15.13",
          "esbuild-windows-arm64": "esbuild-windows-arm64@0.15.13"
        }
      },
      "estree-walker@2.0.2": {
        "integrity": "sha512-Rfkk/Mp/DL7JVje3u18FxFujQlTNR2q6QfMSMB7AvCBx91NGj/ba3kCfza0f6dVDbw7YlRf/nDrn7pQrCCyQ/w==",
        "dependencies": {}
      },
      "execa@5.1.1": {
        "integrity": "sha512-8uSpZZocAZRBAPIEINJj3Lo9HyGitllczc27Eh5YYojjMFMn8yHMDMaUHE2Jqfq05D/wucwI4JGURyXt1vchyg==",
        "dependencies": {
          "cross-spawn": "cross-spawn@7.0.3",
          "get-stream": "get-stream@6.0.1",
          "human-signals": "human-signals@2.1.0",
          "is-stream": "is-stream@2.0.1",
          "merge-stream": "merge-stream@2.0.0",
          "npm-run-path": "npm-run-path@4.0.1",
          "onetime": "onetime@5.1.2",
          "signal-exit": "signal-exit@3.0.7",
          "strip-final-newline": "strip-final-newline@2.0.0"
        }
      },
      "fast-glob@3.2.12": {
        "integrity": "sha512-DVj4CQIYYow0BlaelwK1pHl5n5cRSJfM60UA0zK891sVInoPri2Ekj7+e1CT3/3qxXenpI+nBBmQAcJPJgaj4w==",
        "dependencies": {
          "@nodelib/fs.stat": "@nodelib/fs.stat@2.0.5",
          "@nodelib/fs.walk": "@nodelib/fs.walk@1.2.8",
          "glob-parent": "glob-parent@5.1.2",
          "merge2": "merge2@1.4.1",
          "micromatch": "micromatch@4.0.5"
        }
      },
      "fastq@1.13.0": {
        "integrity": "sha512-YpkpUnK8od0o1hmeSc7UUs/eB/vIPWJYjKck2QKIzAf71Vm1AAQ3EbuZB3g2JIy+pg+ERD0vqI79KyZiB2e2Nw==",
        "dependencies": { "reusify": "reusify@1.0.4" }
      },
      "fill-range@7.0.1": {
        "integrity": "sha512-qOo9F+dMUmC2Lcb4BbVvnKJxTPjCm+RRpe4gDuGrzkL7mEVl/djYSu2OdQ2Pa302N4oqkSg9ir6jaLWJ2USVpQ==",
        "dependencies": { "to-regex-range": "to-regex-range@5.0.1" }
      },
      "find-up@5.0.0": {
        "integrity": "sha512-78/PXT1wlLLDgTzDs7sjq9hzz0vXD+zn+7wypEe4fXQxCmdmqfGsEPQxmiCSQI3ajFV91bVSsvNtrJRiW6nGng==",
        "dependencies": {
          "locate-path": "locate-path@6.0.0",
          "path-exists": "path-exists@4.0.0"
        }
      },
      "fsevents@2.3.2": {
        "integrity": "sha512-xiqMQR4xAeHTuB9uWm+fFRcIOgKBMiOBP+eXiyT7jsgVCq1bkVygt00oASowB7EdtpOHaaPgKt812P9ab+DDKA==",
        "dependencies": {}
      },
      "function-bind@1.1.1": {
        "integrity": "sha512-yIovAzMX49sF8Yl58fSCWJ5svSLuaibPxXQJFLmBObTuCr0Mf1KiPopGM9NiFjiYBCbfaa2Fh6breQ6ANVTI0A==",
        "dependencies": {}
      },
      "get-stream@6.0.1": {
        "integrity": "sha512-ts6Wi+2j3jQjqi70w5AlN8DFnkSwC+MqmxEzdEALB2qXZYV3X/b1CTfgPLGJNMeAWxdPfU8FO1ms3NUfaHCPYg==",
        "dependencies": {}
      },
      "glob-parent@5.1.2": {
        "integrity": "sha512-AOIgSQCepiJYwP3ARnGx+5VnTu2HBYdzbGP45eLw1vr3zB3vZLeyed1sC9hnbcOc9/SrMyM5RPQrkGz4aS9Zow==",
        "dependencies": { "is-glob": "is-glob@4.0.3" }
      },
      "gzip-size@6.0.0": {
        "integrity": "sha512-ax7ZYomf6jqPTQ4+XCpUGyXKHk5WweS+e05MBO4/y3WJ5RkmPXNKvX+bx1behVILVwr6JSQvZAku021CHPXG3Q==",
        "dependencies": { "duplexer": "duplexer@0.1.2" }
      },
      "has@1.0.3": {
        "integrity": "sha512-f2dvO0VU6Oej7RkWJGrehjbzMAjFp5/VKPp5tTpWIV4JHHZK1/BxbFRtf/siA2SWTe09caDmVtYYzWEIbBS4zw==",
        "dependencies": { "function-bind": "function-bind@1.1.1" }
      },
      "human-signals@2.1.0": {
        "integrity": "sha512-B4FFZ6q/T2jhhksgkbEW3HBvWIfDW85snkQgawt07S7J5QXTk6BkNV+0yAeZrM5QpMAdYlocGoljn0sJ/WQkFw==",
        "dependencies": {}
      },
      "is-binary-path@2.1.0": {
        "integrity": "sha512-ZMERYes6pDydyuGidse7OsHxtbI7WVeUEozgR/g7rd0xUimYNlvZRE/K2MgZTjWy725IfelLeVcEM97mmtRGXw==",
        "dependencies": { "binary-extensions": "binary-extensions@2.2.0" }
      },
      "is-core-module@2.11.0": {
        "integrity": "sha512-RRjxlvLDkD1YJwDbroBHMb+cukurkDWNyHx7D3oNB5x9rb5ogcksMC5wHCadcXoo67gVr/+3GFySh3134zi6rw==",
        "dependencies": { "has": "has@1.0.3" }
      },
      "is-extglob@2.1.1": {
        "integrity": "sha512-SbKbANkN603Vi4jEZv49LeVJMn4yGwsbzZworEoyEiutsN3nJYdbO36zfhGJ6QEDpOZIFkDtnq5JRxmvl3jsoQ==",
        "dependencies": {}
      },
      "is-glob@4.0.3": {
        "integrity": "sha512-xelSayHH36ZgE7ZWhli7pW34hNbNl8Ojv5KVmkJD4hBdD3th8Tfk9vYasLM+mXWOZhFkgZfxhLSnrwRr4elSSg==",
        "dependencies": { "is-extglob": "is-extglob@2.1.1" }
      },
      "is-number@7.0.0": {
        "integrity": "sha512-41Cifkg6e8TylSpdtTpeLVMqvSBEVzTttHvERD741+pnZ8ANv0004MRL43QKPDlK9cGvNp6NZWZUBlbGXYxxng==",
        "dependencies": {}
      },
      "is-stream@2.0.1": {
        "integrity": "sha512-hFoiJiTl63nn+kstHGBtewWSKnQLpyb155KHheA1l39uvtO9nWIop1p3udqPcUd/xbF1VLMO4n7OI6p7RbngDg==",
        "dependencies": {}
      },
      "isexe@2.0.0": {
        "integrity": "sha512-RHxMLp9lnKHGHRng9QFhRCMbYAcVpn69smSGcq3f36xjgVVWThj4qqLbTLlq7Ssj8B+fIQ1EuCEGI2lKsyQeIw==",
        "dependencies": {}
      },
      "jiti@1.16.0": {
        "integrity": "sha512-L3BJStEf5NAqNuzrpfbN71dp43mYIcBUlCRea/vdyv5dW/AYa1d4bpelko4SHdY3I6eN9Wzyasxirj1/vv5kmg==",
        "dependencies": {}
      },
      "kleur@4.1.5": {
        "integrity": "sha512-o+NO+8WrRiQEE4/7nwRJhN1HWpVmJm511pBHUxPLtp0BUISzlBplORYSmTclCnJvQq2tKu/sgl3xVpkc7ZWuQQ==",
        "dependencies": {}
      },
      "kolorist@1.6.0": {
        "integrity": "sha512-dLkz37Ab97HWMx9KTes3Tbi3D1ln9fCAy2zr2YVExJasDRPGRaKcoE4fycWNtnCAJfjFqe0cnY+f8KT2JePEXQ==",
        "dependencies": {}
      },
      "local-pkg@0.4.2": {
        "integrity": "sha512-mlERgSPrbxU3BP4qBqAvvwlgW4MTg78iwJdGGnv7kibKjWcJksrG3t6LB5lXI93wXRDvG4NpUgJFmTG4T6rdrg==",
        "dependencies": {}
      },
      "locate-path@6.0.0": {
        "integrity": "sha512-iPZK6eYjbxRu3uB4/WZ3EsEIMJFMqAoopl3R+zuq0UjcAm/MO6KCweDgPfP3elTztoKP3KtnVHxTn2NHBSDVUw==",
        "dependencies": { "p-locate": "p-locate@5.0.0" }
      },
      "magic-string@0.26.7": {
        "integrity": "sha512-hX9XH3ziStPoPhJxLq1syWuZMxbDvGNbVchfrdCtanC7D13888bMFow61x8axrx+GfHLtVeAx2kxL7tTGRl+Ow==",
        "dependencies": { "sourcemap-codec": "sourcemap-codec@1.4.8" }
      },
      "mdn-data@2.0.28": {
        "integrity": "sha512-aylIc7Z9y4yzHYAJNuESG3hfhC+0Ibp/MAMiaOZgNv4pmEdFyfZhhhny4MNiAfWdBQ1RQ2mfDWmM1x8SvGyp8g==",
        "dependencies": {}
      },
      "merge-stream@2.0.0": {
        "integrity": "sha512-abv/qOcuPfk3URPfDzmZU1LKmuw8kT+0nIHvKrKgFrwifol/doWcdA4ZqsWQ8ENrFKkd67Mfpo/LovbIUsbt3w==",
        "dependencies": {}
      },
      "merge2@1.4.1": {
        "integrity": "sha512-8q7VEgMJW4J8tcfVPy8g09NcQwZdbwFEqhe/WZkoIzjn/3TGDwtOCYtXGxA3O8tPzpczCCDgv+P2P5y00ZJOOg==",
        "dependencies": {}
      },
      "micromatch@4.0.5": {
        "integrity": "sha512-DMy+ERcEW2q8Z2Po+WNXuw3c5YaUSFjAO5GsJqfEl7UjvtIuFKO6ZrKvcItdy98dwFI2N1tg3zNIdKaQT+aNdA==",
        "dependencies": {
          "braces": "braces@3.0.2",
          "picomatch": "picomatch@2.3.1"
        }
      },
      "mimic-fn@2.1.0": {
        "integrity": "sha512-OqbOk5oEQeAZ8WXWydlu9HJjz9WVdEIvamMCcXmuqUYjTknH/sqsWvhQ3vgwKFRR1HpjvNBKQ37nbJgYzGqGcg==",
        "dependencies": {}
      },
      "mrmime@1.0.1": {
        "integrity": "sha512-hzzEagAgDyoU1Q6yg5uI+AorQgdvMCur3FcKf7NhMKWsaYg+RnbTyHRa/9IlLF9rf455MOCtcqqrQQ83pPP7Uw==",
        "dependencies": {}
      },
      "ms@2.1.2": {
        "integrity": "sha512-sGkPx+VjMtmA6MX27oA4FBFELFCZZ4S4XqeGOXCv68tT+jb3vk/RyaKWP0PTKyWtmLSM0b+adUTEvbs1PEaH2w==",
        "dependencies": {}
      },
      "nanoid@3.3.4": {
        "integrity": "sha512-MqBkQh/OHTS2egovRtLk45wEyNXwF+cokD+1YPf9u5VfJiRdAiRwB2froX5Co9Rh20xs4siNPm8naNotSD6RBw==",
        "dependencies": {}
      },
      "node-fetch-native@0.1.8": {
        "integrity": "sha512-ZNaury9r0NxaT2oL65GvdGDy+5PlSaHTovT6JV5tOW07k1TQmgC0olZETa4C9KZg0+6zBr99ctTYa3Utqj9P/Q==",
        "dependencies": {}
      },
      "normalize-path@3.0.0": {
        "integrity": "sha512-6eZs5Ls3WtCisHWp9S2GUy8dqkpGi4BVSz3GaqiE6ezub0512ESztXUwUB6C6IKbQkY2Pnb/mD4WYojCRwcwLA==",
        "dependencies": {}
      },
      "npm-run-path@4.0.1": {
        "integrity": "sha512-S48WzZW777zhNIrn7gxOlISNAqi9ZC/uQFnRdbeIHhZhCA6UqpkOT8T1G7BvfdgP4Er8gF4sUbaS0i7QvIfCWw==",
        "dependencies": { "path-key": "path-key@3.1.1" }
      },
      "ohmyfetch@0.4.21": {
        "integrity": "sha512-VG7f/JRvqvBOYvL0tHyEIEG7XHWm7OqIfAs6/HqwWwDfjiJ1g0huIpe5sFEmyb+7hpFa1EGNH2aERWR72tlClw==",
        "dependencies": {
          "destr": "destr@1.2.1",
          "node-fetch-native": "node-fetch-native@0.1.8",
          "ufo": "ufo@0.8.6",
          "undici": "undici@5.12.0"
        }
      },
      "onetime@5.1.2": {
        "integrity": "sha512-kbpaSSGJTWdAY5KPVeMOKXSrPtr8C8C7wodJbcsd51jRnmD+GZu8Y0VoU6Dm5Z4vWr0Ig/1NKuWRKf7j5aaYSg==",
        "dependencies": { "mimic-fn": "mimic-fn@2.1.0" }
      },
      "p-limit@3.1.0": {
        "integrity": "sha512-TYOanM3wGwNGsZN2cVTYPArw454xnXj5qmWF1bEoAc4+cU/ol7GVh7odevjp1FNHduHc3KZMcFduxU5Xc6uJRQ==",
        "dependencies": { "yocto-queue": "yocto-queue@0.1.0" }
      },
      "p-locate@5.0.0": {
        "integrity": "sha512-LaNjtRWUBY++zB5nE/NwcaoMylSPk+S+ZHNB1TzdbMJMny6dynpAGt7X/tl/QYq3TIeE6nxHppbo2LGymrG5Pw==",
        "dependencies": { "p-limit": "p-limit@3.1.0" }
      },
      "path-exists@4.0.0": {
        "integrity": "sha512-ak9Qy5Q7jYb2Wwcey5Fpvg2KoAc/ZIhLSLOSBmRmygPsGwkVVt0fZa0qrtMz+m6tJTAHfZQ8FnmB4MG4LWy7/w==",
        "dependencies": {}
      },
      "path-key@3.1.1": {
        "integrity": "sha512-ojmeN0qd+y0jszEtoY48r0Peq5dwMEkIlCOu6Q5f41lfkswXuKtYrhgoTpLnyIcHm24Uhqx+5Tqm2InSwLhE6Q==",
        "dependencies": {}
      },
      "path-parse@1.0.7": {
        "integrity": "sha512-LDJzPVEEEPR+y48z93A0Ed0yXb8pAByGWo/k5YYdYgpY2/2EsOsksJrq7lOHxryrVOn1ejG6oAp8ahvOIQD8sw==",
        "dependencies": {}
      },
      "pathe@0.3.9": {
        "integrity": "sha512-6Y6s0vT112P3jD8dGfuS6r+lpa0qqNrLyHPOwvXMnyNTQaYiwgau2DP3aNDsR13xqtGj7rrPo+jFUATpU6/s+g==",
        "dependencies": {}
      },
      "perfect-debounce@0.1.3": {
        "integrity": "sha512-NOT9AcKiDGpnV/HBhI22Str++XWcErO/bALvHCuhv33owZW/CjH8KAFLZDCmu3727sihe0wTxpDhyGc6M8qacQ==",
        "dependencies": {}
      },
      "picocolors@1.0.0": {
        "integrity": "sha512-1fygroTLlHu66zi26VoTDv8yRgm0Fccecssto+MhsZ0D/DGW2sm8E8AjW7NU5VVTRt5GxbeZ5qBuJr+HyLYkjQ==",
        "dependencies": {}
      },
      "picomatch@2.3.1": {
        "integrity": "sha512-JU3teHTNjmE2VCGFzuY8EXzCDVwEqB2a8fsIvwaStHhAWJEeVd1o1QD80CU6+ZdEXXSLbSsuLwJjkCBWqRQUVA==",
        "dependencies": {}
      },
      "postcss@8.4.19": {
        "integrity": "sha512-h+pbPsyhlYj6N2ozBmHhHrs9DzGmbaarbLvWipMRO7RLS+v4onj26MPFXA5OBYFxyqYhUJK456SwDcY9H2/zsA==",
        "dependencies": {
          "nanoid": "nanoid@3.3.4",
          "picocolors": "picocolors@1.0.0",
          "source-map-js": "source-map-js@1.0.2"
        }
      },
      "queue-microtask@1.2.3": {
        "integrity": "sha512-NuaNSa6flKT5JaSYQzJok04JzTL1CA6aGhv5rfLW3PgqA+M2ChpZQnAC8h8i4ZFkBS8X5RqkDBHA7r4hej3K9A==",
        "dependencies": {}
      },
      "readdirp@3.6.0": {
        "integrity": "sha512-hOS089on8RduqdbhvQ5Z37A0ESjsqz6qnRcffsMU3495FuTdqSm+7bhJ29JvIOsBDEEnan5DPu9t3To9VRlMzA==",
        "dependencies": { "picomatch": "picomatch@2.3.1" }
      },
      "regenerator-runtime@0.13.11": {
        "integrity": "sha512-kY1AZVr2Ra+t+piVaJ4gxaFaReZVH40AKNo7UCX6W+dEwBo/2oZJzqfuN1qLq1oL45o56cPaTXELwrTh8Fpggg==",
        "dependencies": {}
      },
      "regexparam@2.0.1": {
        "integrity": "sha512-zRgSaYemnNYxUv+/5SeoHI0eJIgTL/A2pUtXUPLHQxUldagouJ9p+K6IbIZ/JiQuCEv2E2B1O11SjVQy3aMCkw==",
        "dependencies": {}
      },
      "resolve@1.22.1": {
        "integrity": "sha512-nBpuuYuY5jFsli/JIs1oldw6fOQCBioohqWZg/2hiaOybXOft4lonv85uDOKXdf8rhyK159cxU5cDcK/NKk8zw==",
        "dependencies": {
          "is-core-module": "is-core-module@2.11.0",
          "path-parse": "path-parse@1.0.7",
          "supports-preserve-symlinks-flag": "supports-preserve-symlinks-flag@1.0.0"
        }
      },
      "reusify@1.0.4": {
        "integrity": "sha512-U9nH88a3fc/ekCF1l0/UP1IosiuIjyTh7hBvXVMHYgVcfGvt897Xguj2UOLDeI5BG2m7/uwyaLVT6fbtCwTyzw==",
        "dependencies": {}
      },
      "rollup@2.79.1": {
        "integrity": "sha512-uKxbd0IhMZOhjAiD5oAFp7BqvkA4Dv47qpOCtaNvng4HBwdbWtdOh8f5nZNuk2rp51PMGk3bzfWu5oayNEuYnw==",
        "dependencies": { "fsevents": "fsevents@2.3.2" }
      },
      "run-parallel@1.2.0": {
        "integrity": "sha512-5l4VyZR86LZ/lDxZTR6jqL8AFE2S0IFLMP26AbjsLVADxHdhB/c0GUsH+y39UfCi3dzz8OlQuPmnaJOMoDHQBA==",
        "dependencies": { "queue-microtask": "queue-microtask@1.2.3" }
      },
      "shebang-command@2.0.0": {
        "integrity": "sha512-kHxr2zZpYtdmrN1qDjrrX/Z1rR1kG8Dx+gkpK1G4eXmvXswmcE1hTWBWYUzlraYw1/yZp6YuDY77YtvbN0dmDA==",
        "dependencies": { "shebang-regex": "shebang-regex@3.0.0" }
      },
      "shebang-regex@3.0.0": {
        "integrity": "sha512-7++dFhtcx3353uBaq8DDR4NuxBetBzC7ZQOhmTQInHEd6bSrXdiEyzCvG07Z44UYdLShWUyXt5M/yhz8ekcb1A==",
        "dependencies": {}
      },
      "signal-exit@3.0.7": {
        "integrity": "sha512-wnD2ZE+l+SPC/uoS0vXeE9L1+0wuaMqKlfz9AMUo38JsyLSBWSFcHR1Rri62LZc12vLr1gb3jl7iwQhgwpAbGQ==",
        "dependencies": {}
      },
      "sirv@2.0.2": {
        "integrity": "sha512-4Qog6aE29nIjAOKe/wowFTxOdmbEZKb+3tsLljaBRzJwtqto0BChD2zzH0LhgCSXiI+V7X+Y45v14wBZQ1TK3w==",
        "dependencies": {
          "@polka/url": "@polka/url@1.0.0-next.21",
          "mrmime": "mrmime@1.0.1",
          "totalist": "totalist@3.0.0"
        }
      },
      "source-map-js@1.0.2": {
        "integrity": "sha512-R0XvVJ9WusLiqTCEiGCmICCMplcCkIwwR11mOSD9CR5u+IXYdiseeEuXCVAjS54zqwkLcPNnmU4OeJ6tUrWhDw==",
        "dependencies": {}
      },
      "source-map-support@0.5.21": {
        "integrity": "sha512-uBHU3L3czsIyYXKX88fdrGovxdSCoTGDRZ6SYXtSRxLZUzHg5P/66Ht6uoUlHu9EZod+inXhKo3qQgwXUT/y1w==",
        "dependencies": {
          "buffer-from": "buffer-from@1.1.2",
          "source-map": "source-map@0.6.1"
        }
      },
      "source-map@0.6.1": {
        "integrity": "sha512-UjgapumWlbMhkBgzT7Ykc5YXUT46F0iKu8SGXq0bcwP5dz/h0Plj6enJqjz1Zbq2l5WaqYnrVbwWOWMyF3F47g==",
        "dependencies": {}
      },
      "sourcemap-codec@1.4.8": {
        "integrity": "sha512-9NykojV5Uih4lgo5So5dtw+f0JgJX30KCNI8gwhz2J9A15wD0Ml6tjHKwf6fTSa6fAdVBdZeNOs9eJ71qCk8vA==",
        "dependencies": {}
      },
      "streamsearch@1.1.0": {
        "integrity": "sha512-Mcc5wHehp9aXz1ax6bZUyY5afg9u2rv5cqQI3mRrYkGC8rW2hM02jWuwjtL++LS5qinSyhj2QfLyNsuc+VsExg==",
        "dependencies": {}
      },
      "strip-final-newline@2.0.0": {
        "integrity": "sha512-BrpvfNAE3dcvq7ll3xVumzjKjZQ5tI1sEUIKr3Uoks0XUl45St3FlatVqef9prk4jRDzhW6WZg+3bk93y6pLjA==",
        "dependencies": {}
      },
      "supports-preserve-symlinks-flag@1.0.0": {
        "integrity": "sha512-ot0WnXS9fgdkgIcePe6RHNk1WA8+muPa6cSjeR3V8K27q9BB1rTE3R1p7Hv0z1ZyAc8s6Vvv8DIyWf681MAt0w==",
        "dependencies": {}
      },
      "svelte-hmr@0.15.1_svelte@3.53.1": {
        "integrity": "sha512-BiKB4RZ8YSwRKCNVdNxK/GfY+r4Kjgp9jCLEy0DuqAKfmQtpL38cQK3afdpjw4sqSs4PLi3jIPJIFp259NkZtA==",
        "dependencies": { "svelte": "svelte@3.53.1" }
      },
      "svelte-router-spa@6.0.3_svelte@3.53.1": {
        "integrity": "sha512-aHgyUVVI/WjipQNmKcXpX0hFZtkW5Y6hwH5aXLr2P/aRQ/qlX8ZbKQJUwKjOD59p7tt/c+wqokiIt68N7aNuKQ==",
        "dependencies": {
          "svelte": "svelte@3.53.1",
          "url-params-parser": "url-params-parser@1.0.4"
        }
      },
      "svelte-spa-router@3.3.0": {
        "integrity": "sha512-cwRNe7cxD43sCvSfEeaKiNZg3FCizGxeMcf7CPiWRP3jKXjEma3vxyyuDtPOam6nWbVxl9TNM3hlE/i87ZlqcQ==",
        "dependencies": { "regexparam": "regexparam@2.0.1" }
      },
      "svelte@3.53.1": {
        "integrity": "sha512-Q4/hHkktZogGhN5iqxqSi9sjEVoe/NbIxX4hXEHoasTxj+TxEQVAq66LnDMdAZxjmsodkoI5F3slqsS68U7FNw==",
        "dependencies": {}
      },
      "systemjs@6.13.0": {
        "integrity": "sha512-P3cgh2bpaPvAO2NE3uRp/n6hmk4xPX4DQf+UzTlCAycssKdqhp6hjw+ENWe+aUS7TogKRFtptMosTSFeC6R55g==",
        "dependencies": {}
      },
      "terser@5.15.1": {
        "integrity": "sha512-K1faMUvpm/FBxjBXud0LWVAGxmvoPbZbfTCYbSgaaYQaIXI3/TdI7a7ZGA73Zrou6Q8Zmz3oeUTsp/dj+ag2Xw==",
        "dependencies": {
          "@jridgewell/source-map": "@jridgewell/source-map@0.3.2",
          "acorn": "acorn@8.8.1",
          "commander": "commander@2.20.3",
          "source-map-support": "source-map-support@0.5.21"
        }
      },
      "to-regex-range@5.0.1": {
        "integrity": "sha512-65P7iz6X5yEr1cwcgvQxbbIw7Uk3gOy5dIdtZ4rDveLqhrdJP+Li/Hx6tyK0NEb+2GCyneCMJiGqrADCSNk8sQ==",
        "dependencies": { "is-number": "is-number@7.0.0" }
      },
      "totalist@3.0.0": {
        "integrity": "sha512-eM+pCBxXO/njtF7vdFsHuqb+ElbxqtI4r5EAvk6grfAFyJ6IvWlSkfZ5T9ozC6xWw3Fj1fGoSmrl0gUs46JVIw==",
        "dependencies": {}
      },
      "ufo@0.8.6": {
        "integrity": "sha512-fk6CmUgwKCfX79EzcDQQpSCMxrHstvbLswFChHS0Vump+kFkw7nJBfTZoC1j0bOGoY9I7R3n2DGek5ajbcYnOw==",
        "dependencies": {}
      },
      "unconfig@0.3.7": {
        "integrity": "sha512-1589b7oGa8ILBYpta7TndM5mLHLzHUqBfhszeZxuUBrjO/RoQ52VGVWsS3w0C0GLNxO9RPmqkf6BmIvBApaRdA==",
        "dependencies": {
          "@antfu/utils": "@antfu/utils@0.5.2",
          "defu": "defu@6.1.1",
          "jiti": "jiti@1.16.0"
        }
      },
      "undici@5.12.0": {
        "integrity": "sha512-zMLamCG62PGjd9HHMpo05bSLvvwWOZgGeiWlN/vlqu3+lRo3elxktVGEyLMX+IO7c2eflLjcW74AlkhEZm15mg==",
        "dependencies": { "busboy": "busboy@1.6.0" }
      },
      "unocss@0.46.5_vite@3.2.3": {
        "integrity": "sha512-AMURkxzvhHgjxD9KcEyo1y+zTJvjHG9O+vYWTyyMEQeCspFmGONoEtnBC9p8MGPsiW4afSEJCrIROOEl186zKQ==",
        "dependencies": {
          "@unocss/astro": "@unocss/astro@0.46.5_vite@3.2.3",
          "@unocss/cli": "@unocss/cli@0.46.5",
          "@unocss/core": "@unocss/core@0.46.5",
          "@unocss/preset-attributify": "@unocss/preset-attributify@0.46.5",
          "@unocss/preset-icons": "@unocss/preset-icons@0.46.5",
          "@unocss/preset-mini": "@unocss/preset-mini@0.46.5",
          "@unocss/preset-tagify": "@unocss/preset-tagify@0.46.5",
          "@unocss/preset-typography": "@unocss/preset-typography@0.46.5",
          "@unocss/preset-uno": "@unocss/preset-uno@0.46.5",
          "@unocss/preset-web-fonts": "@unocss/preset-web-fonts@0.46.5",
          "@unocss/preset-wind": "@unocss/preset-wind@0.46.5",
          "@unocss/reset": "@unocss/reset@0.46.5",
          "@unocss/transformer-attributify-jsx": "@unocss/transformer-attributify-jsx@0.46.5",
          "@unocss/transformer-compile-class": "@unocss/transformer-compile-class@0.46.5",
          "@unocss/transformer-directives": "@unocss/transformer-directives@0.46.5",
          "@unocss/transformer-variant-group": "@unocss/transformer-variant-group@0.46.5",
          "@unocss/vite": "@unocss/vite@0.46.5_vite@3.2.3"
        }
      },
      "url-params-parser@1.0.4": {
        "integrity": "sha512-0m6BqGpY2OetTZ3UPTLKkbTfUHigsX2YhrzORT9iYiyUJ/SP2WJ3cggg2YWtvMs36GPwK9Q44ffddyarniu2Tg==",
        "dependencies": {}
      },
      "vite-plugin-pages-svelte@0.0.2_vite@3.2.3_svelte@3.53.1": {
        "integrity": "sha512-GZCoycTICOqVT3p7Ywkt4kGd2WfU0AjdcWCLRT/wmaJMPSD4TTgXJJGWA+mcVsaQfnvKBUiele1Gbk03HVXDQA==",
        "dependencies": {
          "debug": "debug@4.3.2",
          "svelte-router-spa": "svelte-router-spa@6.0.3_svelte@3.53.1",
          "vite": "vite@3.2.3"
        }
      },
      "vite@3.2.3": {
        "integrity": "sha512-h8jl1TZ76eGs3o2dIBSsvXDLb1m/Ec1iej8ZMdz+PsaFUsftZeWe2CZOI3qogEsMNaywc17gu0q6cQDzh/weCQ==",
        "dependencies": {
          "esbuild": "esbuild@0.15.13",
          "fsevents": "fsevents@2.3.2",
          "postcss": "postcss@8.4.19",
          "resolve": "resolve@1.22.1",
          "rollup": "rollup@2.79.1"
        }
      },
      "which@2.0.2": {
        "integrity": "sha512-BLI3Tl1TW3Pvl70l3yq3Y64i+awpwXqsGBYWkkqMtnbXgrMD+yj7rhW0kuEDxzJaYXGjEW5ogapKNMEKNMjibA==",
        "dependencies": { "isexe": "isexe@2.0.0" }
      },
      "yocto-queue@0.1.0": {
        "integrity": "sha512-rVksvsnNCdJ/ohGc6xgPwyN8eheCxsiLM8mxuE/t/mOVqJewPuO1miLpTHQiRgTKCLexL4MeAFVagts7HmNZ2Q==",
        "dependencies": {}
      }
    }
  }
}
